
Microsoft Visual Studio Solution File, Format Version 12.00
# Visual Studio 15
VisualStudioVersion = 15.0.28307.489
MinimumVisualStudioVersion = 10.0.40219.1
Project("{FAE04EC0-301F-11D3-BF4B-00C04F79EFBC}") = "ResortMVC", "ResortMVC\ResortMVC.csproj", "{B112B18C-04D1-4C05-861C-B4DDD8E82700}"
EndProject
Global
	GlobalSection(SolutionConfigurationPlatforms) = preSolution
		Debug|Any CPU = Debug|Any CPU
		Release|Any CPU = Release|Any CPU
	EndGlobalSection
	GlobalSection(ProjectConfigurationPlatforms) = postSolution
		{B112B18C-04D1-4C05-861C-B4DDD8E82700}.Debug|Any CPU.ActiveCfg = Debug|Any CPU
		{B112B18C-04D1-4C05-861C-B4DDD8E82700}.Debug|Any CPU.Build.0 = Debug|Any CPU
		{B112B18C-04D1-4C05-861C-B4DDD8E82700}.Release|Any CPU.ActiveCfg = Release|Any CPU
		{B112B18C-04D1-4C05-861C-B4DDD8E82700}.Release|Any CPU.Build.0 = Release|Any CPU
	EndGlobalSection
	GlobalSection(SolutionProperties) = preSolution
		HideSolutionNode = FALSE
	EndGlobalSection
	GlobalSection(ExtensibilityGlobals) = postSolution
		SolutionGuid = {BC277F91-A9FC-4F68-ACF2-36578C9DB521}
	EndGlobalSection
EndGlobal
